github.com/f-secure-foundry/tamago v0.0.0-20200722132626-ec12ad2f7ef7 h1:qhdbwwa2Yeu8/Kkg2b2RfNoqGS8ICKLIPha+KK6dJrs=
github.com/f-secure-foundry/tamago v0.0.0-20200722132626-ec12ad2f7ef7/go.mod h1:DqIfWSA3FGzHRg3lrltaiqlpVSZwqRkRTbuLz335LoI=
github.com/f-secure-foundry/tamago v0.0.0-20210202085709-d372cf319eb8 h1:ro9JSYDrmawbm3mS3c8RBBzZlNaTIWqqtrbxE5HRVLs=
github.com/f-secure-foundry/tamago v0.0.0-20210202085709-d372cf319eb8/go.mod h1:+xmhdYxGfaNhWUZ/F1mbwFu38H73slg/k/oPjOL7tc8=
